{
  "name": "ux",
  "version": "0.2.0",
  "lockfileVersion": 1,
  "requires": true,
  "dependencies": {
    "aok": {
      "version": "1.8.1",
      "resolved": "https://registry.npmjs.org/aok/-/aok-1.8.1.tgz",
      "integrity": "sha1-yLwltQv9Jc6Fbehi2PuvjDXmm18=",
      "dev": true
    },
    "cargo": {
      "version": "0.7.0",
      "resolved": "https://registry.npmjs.org/cargo/-/cargo-0.7.0.tgz",
      "integrity": "sha1-osbdI7hFg1QsgSsHNce/n7cegzw="
    },
    "energy": {
      "version": "0.4.1",
      "resolved": "https://registry.npmjs.org/energy/-/energy-0.4.1.tgz",
      "integrity": "sha1-ZtnINtqidyXlTw+jNAQaIZ826IM="
    }
  }
}
